
Microsoft Visual Studio Solution File, Format Version 12.00
# Visual Studio Version 17
VisualStudioVersion = 17.8.34330.188
MinimumVisualStudioVersion = 10.0.40219.1
Project("{FAE04EC0-301F-11D3-BF4B-00C04F79EFBC}") = "dacn_api", "dacn_api\dacn_api.csproj", "{05A9B27A-3B4B-4BC2-B24E-3840FFF16228}"
EndProject
Global
	GlobalSection(SolutionConfigurationPlatforms) = preSolution
		Debug|Any CPU = Debug|Any CPU
		Release|Any CPU = Release|Any CPU
	EndGlobalSection
	GlobalSection(ProjectConfigurationPlatforms) = postSolution
		{05A9B27A-3B4B-4BC2-B24E-3840FFF16228}.Debug|Any CPU.ActiveCfg = Debug|Any CPU
		{05A9B27A-3B4B-4BC2-B24E-3840FFF16228}.Debug|Any CPU.Build.0 = Debug|Any CPU
		{05A9B27A-3B4B-4BC2-B24E-3840FFF16228}.Release|Any CPU.ActiveCfg = Release|Any CPU
		{05A9B27A-3B4B-4BC2-B24E-3840FFF16228}.Release|Any CPU.Build.0 = Release|Any CPU
	EndGlobalSection
	GlobalSection(SolutionProperties) = preSolution
		HideSolutionNode = FALSE
	EndGlobalSection
	GlobalSection(ExtensibilityGlobals) = postSolution
		SolutionGuid = {8D009150-E0A1-4BA8-A096-EE4DB66D1741}
	EndGlobalSection
EndGlobal
